schema: '2.0'
stages:
  data_preparation:
    cmd: PYTHONPATH=src python -m pipeline.steps.data_preparer
    deps:
    - path: src/components/assertions/choice_field_assertor.py
      hash: md5
      md5: 14c153425aa8ef36316b3148a5613197
      size: 3248
    - path: src/components/assertions/min_max_assertor.py
      hash: md5
      md5: 022e2e36717ee81390f8989ba8a4ec6d
      size: 3090
    - path: src/components/const.py
      hash: md5
      md5: 9156de625cf9c4a0e1c19bbe3c455263
      size: 9654
    - path: src/components/data/exploration/explorer.py
      hash: md5
      md5: a634f1afb824ebc4581a0e92932f9bc4
      size: 4423
    - path: src/components/data/patterns/access/generator.py
      hash: md5
      md5: 0d3ac200a412446d7155a585ee0ba62a
      size: 8271
    - path: src/components/data/patterns/access/variants/cycle_generator.py
      hash: md5
      md5: de093f254b1be7ec2b17941b27aeb34f
      size: 3270
    - path: src/components/data/patterns/access/variants/distortion_generator.py
      hash: md5
      md5: 02c4c66a533ccd7d60dbcf0a9978dc18
      size: 4935
    - path: 
        src/components/data/patterns/access/variants/memory_fallback_generator.py
      hash: md5
      md5: 59da4400dadcd207d41605ccf27df009
      size: 3798
    - path: src/components/data/patterns/access/variants/repetition_generator.py
      hash: md5
      md5: 2fcd0a037e9b706f056b093fe291af29
      size: 3376
    - path: src/components/data/patterns/access/variants/toggle_generator.py
      hash: md5
      md5: fccd389f5c10502b3ea26242658b7b8d
      size: 5611
    - path: src/components/data/patterns/core/generator.py
      hash: md5
      md5: b05e95d512e4a3cd32055d65b3825483
      size: 6190
    - path: src/components/data/patterns/core/single_generator.py
      hash: md5
      md5: b0e4e45a6f53e04b810729e6bc9a9197
      size: 3195
    - path: src/components/data/patterns/temporal/generator.py
      hash: md5
      md5: 45f783a41f2bdd89ffea1eff388838b0
      size: 4900
    - path: src/components/data/patterns/temporal/variants/burst_setter.py
      hash: md5
      md5: 69c45dd862a04455ae5deaf2d2a16175
      size: 2694
    - path: 
        src/components/data/patterns/temporal/variants/periodic_calculator.py
      hash: md5
      md5: d395b55d88871a56109aba48be80056d
      size: 2424
    - path: src/components/data/requests/core/dynamic_generator.py
      hash: md5
      md5: c5210e5cfb47716b57c1385fb09bd679
      size: 3922
    - path: src/components/data/requests/core/static_generator.py
      hash: md5
      md5: fbbced4e21b9433b044e27f7a25ca64d
      size: 2373
    - path: src/components/data/requests/utils/alpha_requests_generator.py
      hash: md5
      md5: 8f14a432ec15a9206eda5efbf3bc2a9e
      size: 3110
    - path: src/components/data/requests/utils/generation_helper.py
      hash: md5
      md5: c359d16423d4428e03ecc71a383d56fb
      size: 4655
    - path: src/components/dataset/builder.py
      hash: md5
      md5: 8c5aae12c3ffd2e9fdf7ba573c8bf5bb
      size: 2453
    - path: src/components/dataset/io/loader.py
      hash: md5
      md5: 4e2d5615030d07e01fa38b60ffc6d109
      size: 2011
    - path: src/components/dataset/io/locator.py
      hash: md5
      md5: b55a61859ea914c58c4fa1184992ee9f
      size: 3711
    - path: src/components/dataset/io/saver.py
      hash: md5
      md5: d8a1ee0d0ea8b2ce6ab950c0da9a8d08
      size: 2652
    - path: src/components/logs/handlers/grafana_loki_handler.py
      hash: md5
      md5: 049f146d807a18d795bcab322b52be26
      size: 5521
    - path: src/components/logs/initializer.py
      hash: md5
      md5: 17a4067cd01c3bfa15443c170fb79ffe
      size: 1675
    - path: src/components/logs/levels/debug_logger.py
      hash: md5
      md5: a397f3581604d73ea154c4768f94bbdd
      size: 887
    - path: src/components/logs/levels/error_logger.py
      hash: md5
      md5: d3367644b24db4f4252011c3966c79ee
      size: 879
    - path: src/components/logs/levels/info_logger.py
      hash: md5
      md5: 44518b55f777dc3f0c53390b3ea3d1ef
      size: 869
    - path: src/components/logs/levels/utils/logger.py
      hash: md5
      md5: a595511d7abcdc93db2c1284793ae490
      size: 1102
    - path: src/components/math/zipf_probs_calculator.py
      hash: md5
      md5: aeb2daadd6a302cb5233d5454e9bc3bd
      size: 3384
    - path: src/components/ray/initializer.py
      hash: md5
      md5: 173c2146e82fcc1849b4cf4de9546f6e
      size: 1825
    - path: src/components/ray/tasks/data/explorer.py
      hash: md5
      md5: 02088007276ca9859ab355d1e0c1ac0e
      size: 3160
    - path: src/components/seed/setter.py
      hash: md5
      md5: 3273f2ae0475009ba5a6da1b6cb3d57f
      size: 2302
    - path: src/components/time/cyclics/seconds_to_hours_converter.py
      hash: md5
      md5: 7497878d5e12e55ff9607e67dc6b8f94
      size: 2197
    - path: src/components/time/cyclics/updater.py
      hash: md5
      md5: 11cd0d8c88eb14acc8f6bfb0634aba94
      size: 2593
    - path: src/components/visualization/daily_profile_plotter.py
      hash: md5
      md5: 8e0cb58488f578f4a0da60da5945c1eb
      size: 4517
    - path: src/components/visualization/key_usage_heatmap_plotter.py
      hash: md5
      md5: 0d2e2269a14233aa3ab5c5841b18920c
      size: 6165
    - path: src/components/visualization/zipf_loglog_plotter.py
      hash: md5
      md5: dd7a6c01a0cc04c18dccdd6ea11b289a
      size: 3619
    - path: src/components/yaml/io/loader.py
      hash: md5
      md5: f1fc8d358f9d86c0f4d285d429626d67
      size: 2035
    - path: src/const.py
      hash: md5
      md5: b7b60280c9dfdc2084c94e859407239b
      size: 3475
    - path: src/pipeline/config/configurator.py
      hash: md5
      md5: 206c94894f9fd7eae42c1f4cbcd7ea4b
      size: 1503
    - path: src/pipeline/config/pydantic/pipeline_config.py
      hash: md5
      md5: d6d7aa63235120edeb3ee44691c8892d
      size: 3532
    - path: src/pipeline/config/pydantic/sections/data_loader_pipeline_config.py
      hash: md5
      md5: 9a9d9b940be2229f187c711ce01de786
      size: 1412
    - path: src/pipeline/config/pydantic/sections/data_pipeline_config.py
      hash: md5
      md5: 8effa031afbe2e3227f8993271f5f6b4
      size: 16192
    - path: src/pipeline/config/pydantic/sections/dataset_pipeline_config.py
      hash: md5
      md5: 4bcb714183e68b0168f856768c2df3ca
      size: 3546
    - path: 
        src/pipeline/config/pydantic/sections/early_stopping_pipeline_config.py
      hash: md5
      md5: 85ea207e4620eaf3c09923d8c01922e3
      size: 1627
    - path: src/pipeline/config/pydantic/sections/evaluation_pipeline_config.py
      hash: md5
      md5: 9b9a33f736358115929c81ec923e8923
      size: 2023
    - path: src/pipeline/config/pydantic/sections/logs_pipeline_config.py
      hash: md5
      md5: 6c6657d2c7da8d2cfd784dee2599d184
      size: 1139
    - path: src/pipeline/config/pydantic/sections/loss_pipeline_config.py
      hash: md5
      md5: b6574690987dcbea9000330a7eaa7af7
      size: 1646
    - path: src/pipeline/config/pydantic/sections/model_pipeline_config.py
      hash: md5
      md5: 48fb14bd8c9ca6f1908d82522cb5069a
      size: 5639
    - path: src/pipeline/config/pydantic/sections/optimizer_pipeline_config.py
      hash: md5
      md5: aec1f16d3c59baeeb19cd22ea3dccebb
      size: 1990
    - path: src/pipeline/config/pydantic/sections/resources_pipeline_config.py
      hash: md5
      md5: 6b244e521e873cc7326fd1e11119694b
      size: 2750
    - path: src/pipeline/config/pydantic/sections/seed_pipeline_config.py
      hash: md5
      md5: e78f12f0485e659c9736b10e671252ac
      size: 572
    - path: src/pipeline/config/pydantic/sections/simulations_pipeline_config.py
      hash: md5
      md5: 9dd8ee8bfb243de017c4104f0a234653
      size: 3168
    - path: src/pipeline/config/pydantic/sections/training_pipeline_config.py
      hash: md5
      md5: e84bb508a4c181f98adab61623e9dce6
      size: 447
    - path: src/pipeline/config/pydantic/sections/validation_pipeline_config.py
      hash: md5
      md5: 32d02a58958746f4f6b6f008061068f2
      size: 3102
    - path: src/pipeline/const.py
      hash: md5
      md5: 400976e4e0f60aaca16f9571bfef0a39
      size: 3782
    - path: src/pipeline/steps/data_preparer.py
      hash: md5
      md5: b839385c88c92366ac39836f1d09e51f
      size: 8035
    params:
      src/pipeline/config/pipeline_config.yaml:
        data.general.keys.max: 200
        data.general.keys.min: 1
        data.general.mode: dynamic
        data.general.requests: 200000
        data.synthetic.patterns.access.behavior.cycle.base: 5
        data.synthetic.patterns.access.behavior.cycle.divisor: 100
        data.synthetic.patterns.access.behavior.cycle.hours.end: 19
        data.synthetic.patterns.access.behavior.cycle.hours.start: 14
        data.synthetic.patterns.access.behavior.cycle.mod: 2
        data.synthetic.patterns.access.behavior.distortion.hours.end: 23
        data.synthetic.patterns.access.behavior.distortion.hours.start: 19
        data.synthetic.patterns.access.behavior.distortion.interval: 4
        data.synthetic.patterns.access.behavior.distortion.noise.max: 1
        data.synthetic.patterns.access.behavior.distortion.noise.min: 0
        data.synthetic.patterns.access.behavior.distortion.offsets.correction: 1
        data.synthetic.patterns.access.behavior.distortion.offsets.history: 2
        data.synthetic.patterns.access.behavior.memory.interval: 5
        data.synthetic.patterns.access.behavior.memory.offset: 3
        data.synthetic.patterns.access.behavior.repetition.hours.end: 9
        data.synthetic.patterns.access.behavior.repetition.hours.start: 4
        data.synthetic.patterns.access.behavior.repetition.interval: 7
        data.synthetic.patterns.access.behavior.repetition.offset: 3
        data.synthetic.patterns.access.behavior.toggle.base_requests.first: 1
        data.synthetic.patterns.access.behavior.toggle.base_requests.second: 2
        data.synthetic.patterns.access.behavior.toggle.hours.end: 14
        data.synthetic.patterns.access.behavior.toggle.hours.start: 9
        data.synthetic.patterns.access.behavior.toggle.interval: 20
        data.synthetic.patterns.access.behavior.toggle.offsets.backward: 2
        data.synthetic.patterns.access.behavior.toggle.offsets.forward: 1
        data.synthetic.patterns.access.zipf.alpha.fixed: 1.2
        data.synthetic.patterns.access.zipf.alpha.max: 1.5
        data.synthetic.patterns.access.zipf.alpha.min: 0.5
        data.synthetic.patterns.access.zipf.steps: 5
        data.synthetic.patterns.temporal.burstiness.high: 0.8
        data.synthetic.patterns.temporal.burstiness.hours.end: 18
        data.synthetic.patterns.temporal.burstiness.hours.start: 10
        data.synthetic.patterns.temporal.burstiness.low: 1.2
        data.synthetic.patterns.temporal.periodic.amplitude: 50
        data.synthetic.patterns.temporal.periodic.scale: 90
        logs.level: DEBUG
        resources.general.num_cpus: 2
        resources.general.num_gpus: 0
        seed.value: 42
    outs:
    - path: data/raw/dynamic/dynamic_raw_dataset.csv
      hash: md5
      md5: 3a47a981ad4dbfad1f4a4a882dd1ff99
      size: 4283906
